// !$*UTF8*$!
{
	archiveVersion = 1;
	classes = {
	};
	objectVersion = 46;
	objects = {

/* Begin PBXBuildFile section */
		FC47E55D1BAA4296002D7526 /* AppDelegate.swift in Sources */ = {isa = PBXBuildFile; fileRef = FC47E55C1BAA4296002D7526 /* AppDelegate.swift */; };
		FC47E5621BAA4296002D7526 /* Main.storyboard in Resources */ = {isa = PBXBuildFile; fileRef = FC47E5601BAA4296002D7526 /* Main.storyboard */; };
		FC47E5641BAA4296002D7526 /* Images.xcassets in Resources */ = {isa = PBXBuildFile; fileRef = FC47E5631BAA4296002D7526 /* Images.xcassets */; };
		FC47E5671BAA4296002D7526 /* LaunchScreen.xib in Resources */ = {isa = PBXBuildFile; fileRef = FC47E5651BAA4296002D7526 /* LaunchScreen.xib */; };
		FC47E5731BAA4296002D7526 /* PassWord_Tests.swift in Sources */ = {isa = PBXBuildFile; fileRef = FC47E5721BAA4296002D7526 /* PassWord_Tests.swift */; };
		FC47E57D1BAA55F3002D7526 /* PasswordViewController.swift in Sources */ = {isa = PBXBuildFile; fileRef = FC47E57C1BAA55F3002D7526 /* PasswordViewController.swift */; };
/* End PBXBuildFile section */

/* Begin PBXContainerItemProxy section */
		FC47E56D1BAA4296002D7526 /* PBXContainerItemProxy */ = {
			isa = PBXContainerItemProxy;
			containerPortal = FC47E54F1BAA4296002D7526 /* Project object */;
			proxyType = 1;
			remoteGlobalIDString = FC47E5561BAA4296002D7526;
			remoteInfo = "PassWord New";
		};
/* End PBXContainerItemProxy section */

/* Begin PBXFileReference section */
		FC47E5571BAA4296002D7526 /* PassWord New.app */ = {isa = PBXFileReference; explicitFileType = wrapper.application; includeInIndex = 0; path = "PassWord New.app"; sourceTree = BUILT_PRODUCTS_DIR; };
		FC47E55B1BAA4296002D7526 /* Info.plist */ = {isa = PBXFileReference; lastKnownFileType = text.plist.xml; path = Info.plist; sourceTree = "<group>"; };
		FC47E55C1BAA4296002D7526 /* AppDelegate.swift */ = {isa = PBXFileReference; lastKnownFileType = sourcecode.swift; path = AppDelegate.swift; sourceTree = "<group>"; };
		FC47E5611BAA4296002D7526 /* Base */ = {isa = PBXFileReference; lastKnownFileType = file.storyboard; name = Base; path = Base.lproj/Main.storyboard; sourceTree = "<group>"; };
		FC47E5631BAA4296002D7526 /* Images.xcassets */ = {isa = PBXFileReference; lastKnownFileType = folder.assetcatalog; path = Images.xcassets; sourceTree = "<group>"; };
		FC47E5661BAA4296002D7526 /* Base */ = {isa = PBXFileReference; lastKnownFileType = file.xib; name = Base; path = Base.lproj/LaunchScreen.xib; sourceTree = "<group>"; };
		FC47E56C1BAA4296002D7526 /* PassWord NewTests.xctest */ = {isa = PBXFileReference; explicitFileType = wrapper.cfbundle; includeInIndex = 0; path = "PassWord NewTests.xctest"; sourceTree = BUILT_PRODUCTS_DIR; };
		FC47E5711BAA4296002D7526 /* Info.plist */ = {isa = PBXFileReference; lastKnownFileType = text.plist.xml; path = Info.plist; sourceTree = "<group>"; };
		FC47E5721BAA4296002D7526 /* PassWord_Tests.swift */ = {isa = PBXFileReference; lastKnownFileType = sourcecode.swift; path = PassWord_Tests.swift; sourceTree = "<group>"; };
		FC47E57C1BAA55F3002D7526 /* PasswordViewController.swift */ = {isa = PBXFileReference; fileEncoding = 4; lastKnownFileType = sourcecode.swift; path = PasswordViewController.swift; sourceTree = "<group>"; };
/* End PBXFileReference section */

/* Begin PBXFrameworksBuildPhase section */
		FC47E5541BAA4296002D7526 /* Frameworks */ = {
			isa = PBXFrameworksBuildPhase;
			buildActionMask = 2147483647;
			files = (
			);
			runOnlyForDeploymentPostprocessing = 0;
		};
		FC47E5691BAA4296002D7526 /* Frameworks */ = {
			isa = PBXFrameworksBuildPhase;
			buildActionMask = 2147483647;
			files = (
			);
			runOnlyForDeploymentPostprocessing = 0;
		};
/* End PBXFrameworksBuildPhase section */

/* Begin PBXGroup section */
		FC47E54E1BAA4296002D7526 = {
			isa = PBXGroup;
			children = (
				FC47E5591BAA4296002D7526 /* PassWord */,
				FC47E56F1BAA4296002D7526 /* PassWord Tests */,
				FC47E5581BAA4296002D7526 /* Products */,
			);
			sourceTree = "<group>";
		};
		FC47E5581BAA4296002D7526 /* Products */ = {
			isa = PBXGroup;
			children = (
				FC47E5571BAA4296002D7526 /* PassWord New.app */,
				FC47E56C1BAA4296002D7526 /* PassWord NewTests.xctest */,
			);
			name = Products;
			sourceTree = "<group>";
		};
		FC47E5591BAA4296002D7526 /* PassWord */ = {
			isa = PBXGroup;
			children = (
				FC47E55C1BAA4296002D7526 /* AppDelegate.swift */,
				FC47E57C1BAA55F3002D7526 /* PasswordViewController.swift */,
				FC47E5601BAA4296002D7526 /* Main.storyboard */,
				FC47E5631BAA4296002D7526 /* Images.xcassets */,
				FC47E5651BAA4296002D7526 /* LaunchScreen.xib */,
				FC47E55A1BAA4296002D7526 /* Supporting Files */,
			);
			name = PassWord;
			path = "PassWord New";
			sourceTree = "<group>";
		};
		FC47E55A1BAA4296002D7526 /* Supporting Files */ = {
			isa = PBXGroup;
			children = (
				FC47E55B1BAA4296002D7526 /* Info.plist */,
			);
			name = "Supporting Files";
			sourceTree = "<group>";
		};
		FC47E56F1BAA4296002D7526 /* PassWord Tests */ = {
			isa = PBXGroup;
			children = (
				FC47E5721BAA4296002D7526 /* PassWord_Tests.swift */,
				FC47E5701BAA4296002D7526 /* Supporting Files */,
			);
			name = "PassWord Tests";
			path = "PassWord NewTests";
			sourceTree = "<group>";
		};
		FC47E5701BAA4296002D7526 /* Supporting Files */ = {
			isa = PBXGroup;
			children = (
				FC47E5711BAA4296002D7526 /* Info.plist */,
			);
			name = "Supporting Files";
			sourceTree = "<group>";
		};
/* End PBXGroup section */

/* Begin PBXNativeTarget section */
		FC47E5561BAA4296002D7526 /* PassWord New */ = {
			isa = PBXNativeTarget;
			buildConfigurationList = FC47E5761BAA4296002D7526 /* Build configuration list for PBXNativeTarget "PassWord New" */;
			buildPhases = (
				FC47E5531BAA4296002D7526 /* Sources */,
				FC47E5541BAA4296002D7526 /* Frameworks */,
				FC47E5551BAA4296002D7526 /* Resources */,
			);
			buildRules = (
			);
			dependencies = (
			);
			name = "PassWord New";
			productName = "PassWord New";
			productReference = FC47E5571BAA4296002D7526 /* PassWord New.app */;
			productType = "com.apple.product-type.application";
		};
		FC47E56B1BAA4296002D7526 /* PassWord NewTests */ = {
			isa = PBXNativeTarget;
			buildConfigurationList = FC47E5791BAA4296002D7526 /* Build configuration list for PBXNativeTarget "PassWord NewTests" */;
			buildPhases = (
				FC47E5681BAA4296002D7526 /* Sources */,
				FC47E5691BAA4296002D7526 /* Frameworks */,
				FC47E56A1BAA4296002D7526 /* Resources */,
			);
			buildRules = (
			);
			dependencies = (
				FC47E56E1BAA4296002D7526 /* PBXTargetDependency */,
			);
			name = "PassWord NewTests";
			productName = "PassWord NewTests";
			productReference = FC47E56C1BAA4296002D7526 /* PassWord NewTests.xctest */;
			productType = "com.apple.product-type.bundle.unit-test";
		};
/* End PBXNativeTarget section */

/* Begin PBXProject section */
		FC47E54F1BAA4296002D7526 /* Project object */ = {
			isa = PBXProject;
			attributes = {
				LastSwiftMigration = 0710;
				LastSwiftUpdateCheck = 0710;
				LastUpgradeCheck = 0640;
				ORGANIZATIONNAME = "Andrew Mogg";
				TargetAttributes = {
					FC47E5561BAA4296002D7526 = {
						CreatedOnToolsVersion = 6.4;
						DevelopmentTeam = U3465V32BF;
					};
					FC47E56B1BAA4296002D7526 = {
						CreatedOnToolsVersion = 6.4;
						TestTargetID = FC47E5561BAA4296002D7526;
					};
				};
			};
			buildConfigurationList = FC47E5521BAA4296002D7526 /* Build configuration list for PBXProject "PassWord" */;
			compatibilityVersion = "Xcode 3.2";
			developmentRegion = English;
			hasScannedForEncodings = 0;
			knownRegions = (
				en,
				Base,
			);
			mainGroup = FC47E54E1BAA4296002D7526;
			productRefGroup = FC47E5581BAA4296002D7526 /* Products */;
			projectDirPath = "";
			projectRoot = "";
			targets = (
				FC47E5561BAA4296002D7526 /* PassWord New */,
				FC47E56B1BAA4296002D7526 /* PassWord NewTests */,
			);
		};
/* End PBXProject section */

/* Begin PBXResourcesBuildPhase section */
		FC47E5551BAA4296002D7526 /* Resources */ = {
			isa = PBXResourcesBuildPhase;
			buildActionMask = 2147483647;
			files = (
				FC47E5621BAA4296002D7526 /* Main.storyboard in Resources */,
				FC47E5671BAA4296002D7526 /* LaunchScreen.xib in Resources */,
				FC47E5641BAA4296002D7526 /* Images.xcassets in Resources */,
			);
			runOnlyForDeploymentPostprocessing = 0;
		};
		FC47E56A1BAA4296002D7526 /* Resources */ = {
			isa = PBXResourcesBuildPhase;
			buildActionMask = 2147483647;
			files = (
			);
			runOnlyForDeploymentPostprocessing = 0;
		};
/* End PBXResourcesBuildPhase section */

/* Begin PBXSourcesBuildPhase section */
		FC47E5531BAA4296002D7526 /* Sources */ = {
			isa = PBXSourcesBuildPhase;
			buildActionMask = 2147483647;
			files = (
				FC47E55D1BAA4296002D7526 /* AppDelegate.swift in Sources */,
				FC47E57D1BAA55F3002D7526 /* PasswordViewController.swift in Sources */,
			);
			runOnlyForDeploymentPostprocessing = 0;
		};
		FC47E5681BAA4296002D7526 /* Sources */ = {
			isa = PBXSourcesBuildPhase;
			buildActionMask = 2147483647;
			files = (
				FC47E5731BAA4296002D7526 /* PassWord_Tests.swift in Sources */,
			);
			runOnlyForDeploymentPostprocessing = 0;
		};
/* End PBXSourcesBuildPhase section */

/* Begin PBXTargetDependency section */
		FC47E56E1BAA4296002D7526 /* PBXTargetDependency */ = {
			isa = PBXTargetDependency;
			target = FC47E5561BAA4296002D7526 /* PassWord New */;
			targetProxy = FC47E56D1BAA4296002D7526 /* PBXContainerItemProxy */;
		};
/* End PBXTargetDependency section */

/* Begin PBXVariantGroup section */
		FC47E5601BAA4296002D7526 /* Main.storyboard */ = {
			isa = PBXVariantGroup;
			children = (
				FC47E5611BAA4296002D7526 /* Base */,
			);
			name = Main.storyboard;
			sourceTree = "<group>";
		};
		FC47E5651BAA4296002D7526 /* LaunchScreen.xib */ = {
			isa = PBXVariantGroup;
			children = (
				FC47E5661BAA4296002D7526 /* Base */,
			);
			name = LaunchScreen.xib;
			sourceTree = "<group>";
		};
/* End PBXVariantGroup section */

/* Begin XCBuildConfiguration section */
		FC47E5741BAA4296002D7526 /* Debug */ = {
			isa = XCBuildConfiguration;
			buildSettings = {
				ALWAYS_SEARCH_USER_PATHS = NO;
				CLANG_CXX_LANGUAGE_STANDARD = "gnu++0x";
				CLANG_CXX_LIBRARY = "libc++";
				CLANG_ENABLE_MODULES = YES;
				CLANG_ENABLE_OBJC_ARC = YES;
				CLANG_WARN_BOOL_CONVERSION = YES;
				CLANG_WARN_CONSTANT_CONVERSION = YES;
				CLANG_WARN_DIRECT_OBJC_ISA_USAGE = YES_ERROR;
				CLANG_WARN_EMPTY_BODY = YES;
				CLANG_WARN_ENUM_CONVERSION = YES;
				CLANG_WARN_INT_CONVERSION = YES;
				CLANG_WARN_OBJC_ROOT_CLASS = YES_ERROR;
				CLANG_WARN_UNREACHABLE_CODE = YES;
				CLANG_WARN__DUPLICATE_METHOD_MATCH = YES;
				"CODE_SIGN_IDENTITY[sdk=iphoneos*]" = "iPhone Developer";
				COPY_PHASE_STRIP = NO;
				DEBUG_INFORMATION_FORMAT = "dwarf-with-dsym";
				ENABLE_STRICT_OBJC_MSGSEND = YES;
				GCC_C_LANGUAGE_STANDARD = gnu99;
				GCC_DYNAMIC_NO_PIC = NO;
				GCC_NO_COMMON_BLOCKS = YES;
				GCC_OPTIMIZATION_LEVEL = 0;
				GCC_PREPROCESSOR_DEFINITIONS = (
					"DEBUG=1",
					"$(inherited)",
				);
				GCC_SYMBOLS_PRIVATE_EXTERN = NO;
				GCC_WARN_64_TO_32_BIT_CONVERSION = YES;
				GCC_WARN_ABOUT_RETURN_TYPE = YES_ERROR;
				GCC_WARN_UNDECLARED_SELECTOR = YES;
				GCC_WARN_UNINITIALIZED_AUTOS = YES_AGGRESSIVE;
				GCC_WARN_UNUSED_FUNCTION = YES;
				GCC_WARN_UNUSED_VARIABLE = YES;
				IPHONEOS_DEPLOYMENT_TARGET = 8.4;
				MTL_ENABLE_DEBUG_INFO = YES;
				ONLY_ACTIVE_ARCH = YES;
				SDKROOT = iphoneos;
				SWIFT_OPTIMIZATION_LEVEL = "-Onone";
				TARGETED_DEVICE_FAMILY = "1,2";
			};
			name = Debug;
		};
		FC47E5751BAA4296002D7526 /* Release */ = {
			isa = XCBuildConfiguration;
			buildSettings = {
				ALWAYS_SEARCH_USER_PATHS = NO;
				CLANG_CXX_LANGUAGE_STANDARD = "gnu++0x";
				CLANG_CXX_LIBRARY = "libc++";
				CLANG_ENABLE_MODULES = YES;
				CLANG_ENABLE_OBJC_ARC = YES;
				CLANG_WARN_BOOL_CONVERSION = YES;
				CLANG_WARN_CONSTANT_CONVERSION = YES;
				CLANG_WARN_DIRECT_OBJC_ISA_USAGE = YES_ERROR;
				CLANG_WARN_EMPTY_BODY = YES;
				CLANG_WARN_ENUM_CONVERSION = YES;
				CLANG_WARN_INT_CONVERSION = YES;
				CLANG_WARN_OBJC_ROOT_CLASS = YES_ERROR;
				CLANG_WARN_UNREACHABLE_CODE = YES;
				CLANG_WARN__DUPLICATE_METHOD_MATCH = YES;
				"CODE_SIGN_IDENTITY[sdk=iphoneos*]" = "iPhone Developer";
				COPY_PHASE_STRIP = NO;
				DEBUG_INFORMATION_FORMAT = "dwarf-with-dsym";
				ENABLE_NS_ASSERTIONS = NO;
				ENABLE_STRICT_OBJC_MSGSEND = YES;
				GCC_C_LANGUAGE_STANDARD = gnu99;
				GCC_NO_COMMON_BLOCKS = YES;
				GCC_WARN_64_TO_32_BIT_CONVERSION = YES;
				GCC_WARN_ABOUT_RETURN_TYPE = YES_ERROR;
				GCC_WARN_UNDECLARED_SELECTOR = YES;
				GCC_WARN_UNINITIALIZED_AUTOS = YES_AGGRESSIVE;
				GCC_WARN_UNUSED_FUNCTION = YES;
				GCC_WARN_UNUSED_VARIABLE = YES;
				IPHONEOS_DEPLOYMENT_TARGET = 8.4;
				MTL_ENABLE_DEBUG_INFO = NO;
				SDKROOT = iphoneos;
				TARGETED_DEVICE_FAMILY = "1,2";
				VALIDATE_PRODUCT = YES;
			};
			name = Release;
		};
		FC47E5771BAA4296002D7526 /* Debug */ = {
			isa = XCBuildConfiguration;
			buildSettings = {
				ASSETCATALOG_COMPILER_APPICON_NAME = AppIcon;
				CODE_SIGN_IDENTITY = "iPhone Developer";
				INFOPLIST_FILE = "PassWord New/Info.plist";
				LD_RUNPATH_SEARCH_PATHS = "$(inherited) @executable_path/Frameworks";
				PRODUCT_NAME = "$(TARGET_NAME)";
			};
			name = Debug;
		};
		FC47E5781BAA4296002D7526 /* Release */ = {
			isa = XCBuildConfiguration;
			buildSettings = {
				ASSETCATALOG_COMPILER_APPICON_NAME = AppIcon;
				CODE_SIGN_IDENTITY = "iPhone Developer";
				INFOPLIST_FILE = "PassWord New/Info.plist";
				LD_RUNPATH_SEARCH_PATHS = "$(inherited) @executable_path/Frameworks";
				PRODUCT_NAME = "$(TARGET_NAME)";
			};
			name = Release;
		};
		FC47E57A1BAA4296002D7526 /* Debug */ = {
			isa = XCBuildConfiguration;
			buildSettings = {
				BUNDLE_LOADER = "$(TEST_HOST)";
				FRAMEWORK_SEARCH_PATHS = (
					"$(SDKROOT)/Developer/Library/Frameworks",
					"$(inherited)",
				);
				GCC_PREPROCESSOR_DEFINITIONS = (
					"DEBUG=1",
					"$(inherited)",
				);
				INFOPLIST_FILE = "PassWord NewTests/Info.plist";
				LD_RUNPATH_SEARCH_PATHS = "$(inherited) @executable_path/Frameworks @loader_path/Frameworks";
				PRODUCT_NAME = "$(TARGET_NAME)";
				TEST_HOST = "$(BUILT_PRODUCTS_DIR)/PassWord New.app/PassWord New";
			};
			name = Debug;
		};
		FC47E57B1BAA4296002D7526 /* Release */ = {
			isa = XCBuildConfiguration;
			buildSettings = {
				BUNDLE_LOADER = "$(TEST_HOST)";
				FRAMEWORK_SEARCH_PATHS = (
					"$(SDKROOT)/Developer/Library/Frameworks",
					"$(inherited)",
				);
				INFOPLIST_FILE = "PassWord NewTests/Info.plist";
				LD_RUNPATH_SEARCH_PATHS = "$(inherited) @executable_path/Frameworks @loader_path/Frameworks";
				PRODUCT_NAME = "$(TARGET_NAME)";
				TEST_HOST = "$(BUILT_PRODUCTS_DIR)/PassWord New.app/PassWord New";
			};
			name = Release;
		};
/* End XCBuildConfiguration section */

/* Begin XCConfigurationList section */
		FC47E5521BAA4296002D7526 /* Build configuration list for PBXProject "PassWord" */ = {
			isa = XCConfigurationList;
			buildConfigurations = (
				FC47E5741BAA4296002D7526 /* Debug */,
				FC47E5751BAA4296002D7526 /* Release */,
			);
			defaultConfigurationIsVisible = 0;
			defaultConfigurationName = Release;
		};
		FC47E5761BAA4296002D7526 /* Build configuration list for PBXNativeTarget "PassWord New" */ = {
			isa = XCConfigurationList;
			buildConfigurations = (
				FC47E5771BAA4296002D7526 /* Debug */,
				FC47E5781BAA4296002D7526 /* Release */,
			);
			defaultConfigurationIsVisible = 0;
			defaultConfigurationName = Release;
		};
		FC47E5791BAA4296002D7526 /* Build configuration list for PBXNativeTarget "PassWord NewTests" */ = {
			isa = XCConfigurationList;
			buildConfigurations = (
				FC47E57A1BAA4296002D7526 /* Debug */,
				FC47E57B1BAA4296002D7526 /* Release */,
			);
			defaultConfigurationIsVisible = 0;
			defaultConfigurationName = Release;
		};
/* End XCConfigurationList section */
	};
	rootObject = FC47E54F1BAA4296002D7526 /* Project object */;
}
